
Microsoft Visual Studio Solution File, Format Version 12.00
# Visual Studio Version 16
VisualStudioVersion = 16.0.31205.134
MinimumVisualStudioVersion = 10.0.40219.1
Project("{FAE04EC0-301F-11D3-BF4B-00C04F79EFBC}") = "MyStat", "MyStat\MyStat.csproj", "{7C5B9979-8536-44CD-B7DC-9E4E981BD04B}"
EndProject
Global
	GlobalSection(SolutionConfigurationPlatforms) = preSolution
		Debug|Any CPU = Debug|Any CPU
		Release|Any CPU = Release|Any CPU
	EndGlobalSection
	GlobalSection(ProjectConfigurationPlatforms) = postSolution
		{7C5B9979-8536-44CD-B7DC-9E4E981BD04B}.Debug|Any CPU.ActiveCfg = Debug|Any CPU
		{7C5B9979-8536-44CD-B7DC-9E4E981BD04B}.Debug|Any CPU.Build.0 = Debug|Any CPU
		{7C5B9979-8536-44CD-B7DC-9E4E981BD04B}.Release|Any CPU.ActiveCfg = Release|Any CPU
		{7C5B9979-8536-44CD-B7DC-9E4E981BD04B}.Release|Any CPU.Build.0 = Release|Any CPU
	EndGlobalSection
	GlobalSection(SolutionProperties) = preSolution
		HideSolutionNode = FALSE
	EndGlobalSection
	GlobalSection(ExtensibilityGlobals) = postSolution
		SolutionGuid = {93404DE8-8E14-433B-9376-05276A298CD3}
	EndGlobalSection
EndGlobal
